
Microsoft Visual Studio Solution File, Format Version 12.00
# Visual Studio 14
VisualStudioVersion = 14.0.25123.0
MinimumVisualStudioVersion = 10.0.40219.1
Project("{FAE04EC0-301F-11D3-BF4B-00C04F79EFBC}") = "VibuthiMedicalImaging", "..\VibuthiMedicalImaging\VibuthiMedicalImaging.csproj", "{C6D8720B-B49F-4DCE-BCF4-4C49974725FA}"
EndProject
Project("{FAE04EC0-301F-11D3-BF4B-00C04F79EFBC}") = "DicomImageLibrary", "..\Components\DicomImageLibrary\DicomImageLibrary.csproj", "{1BFD3E45-D7A1-4EB5-BA19-8EA233CE41CC}"
EndProject
Project("{FAE04EC0-301F-11D3-BF4B-00C04F79EFBC}") = "UIControlsLibrary", "..\Components\UIControlsLibrary\UIControlsLibrary.csproj", "{FEB3314E-1FF9-4329-948B-7431F2C3D612}"
EndProject
Project("{8BC9CEB8-8B4A-11D0-8D11-00A0C91BC942}") = "ImageProcInterface", "..\Components\ImageProc\ImageProcInterface.vcxproj", "{A35C8AB3-6841-430B-8265-4F5CB94B96C6}"
EndProject
Project("{8BC9CEB8-8B4A-11D0-8D11-00A0C91BC942}") = "ImageProcWrapper", "..\Components\ImageProcWrapper\ImageProcWrapper.vcxproj", "{DB048E3E-7090-4023-A3C5-F8727C254C84}"
EndProject
Global
	GlobalSection(SolutionConfigurationPlatforms) = preSolution
		Debug|Any CPU = Debug|Any CPU
		Debug|x64 = Debug|x64
		Debug|x86 = Debug|x86
		Release|Any CPU = Release|Any CPU
		Release|x64 = Release|x64
		Release|x86 = Release|x86
	EndGlobalSection
	GlobalSection(ProjectConfigurationPlatforms) = postSolution
		{C6D8720B-B49F-4DCE-BCF4-4C49974725FA}.Debug|Any CPU.ActiveCfg = Debug|Any CPU
		{C6D8720B-B49F-4DCE-BCF4-4C49974725FA}.Debug|Any CPU.Build.0 = Debug|Any CPU
		{C6D8720B-B49F-4DCE-BCF4-4C49974725FA}.Debug|x64.ActiveCfg = Debug|x64
		{C6D8720B-B49F-4DCE-BCF4-4C49974725FA}.Debug|x64.Build.0 = Debug|x64
		{C6D8720B-B49F-4DCE-BCF4-4C49974725FA}.Debug|x86.ActiveCfg = Debug|Any CPU
		{C6D8720B-B49F-4DCE-BCF4-4C49974725FA}.Debug|x86.Build.0 = Debug|Any CPU
		{C6D8720B-B49F-4DCE-BCF4-4C49974725FA}.Release|Any CPU.ActiveCfg = Release|Any CPU
		{C6D8720B-B49F-4DCE-BCF4-4C49974725FA}.Release|Any CPU.Build.0 = Release|Any CPU
		{C6D8720B-B49F-4DCE-BCF4-4C49974725FA}.Release|x64.ActiveCfg = Release|x64
		{C6D8720B-B49F-4DCE-BCF4-4C49974725FA}.Release|x64.Build.0 = Release|x64
		{C6D8720B-B49F-4DCE-BCF4-4C49974725FA}.Release|x86.ActiveCfg = Release|Any CPU
		{C6D8720B-B49F-4DCE-BCF4-4C49974725FA}.Release|x86.Build.0 = Release|Any CPU
		{1BFD3E45-D7A1-4EB5-BA19-8EA233CE41CC}.Debug|Any CPU.ActiveCfg = Debug|Any CPU
		{1BFD3E45-D7A1-4EB5-BA19-8EA233CE41CC}.Debug|Any CPU.Build.0 = Debug|Any CPU
		{1BFD3E45-D7A1-4EB5-BA19-8EA233CE41CC}.Debug|x64.ActiveCfg = Debug|x64
		{1BFD3E45-D7A1-4EB5-BA19-8EA233CE41CC}.Debug|x64.Build.0 = Debug|x64
		{1BFD3E45-D7A1-4EB5-BA19-8EA233CE41CC}.Debug|x86.ActiveCfg = Debug|Any CPU
		{1BFD3E45-D7A1-4EB5-BA19-8EA233CE41CC}.Debug|x86.Build.0 = Debug|Any CPU
		{1BFD3E45-D7A1-4EB5-BA19-8EA233CE41CC}.Release|Any CPU.ActiveCfg = Release|Any CPU
		{1BFD3E45-D7A1-4EB5-BA19-8EA233CE41CC}.Release|Any CPU.Build.0 = Release|Any CPU
		{1BFD3E45-D7A1-4EB5-BA19-8EA233CE41CC}.Release|x64.ActiveCfg = Release|x64
		{1BFD3E45-D7A1-4EB5-BA19-8EA233CE41CC}.Release|x64.Build.0 = Release|x64
		{1BFD3E45-D7A1-4EB5-BA19-8EA233CE41CC}.Release|x86.ActiveCfg = Release|Any CPU
		{1BFD3E45-D7A1-4EB5-BA19-8EA233CE41CC}.Release|x86.Build.0 = Release|Any CPU
		{FEB3314E-1FF9-4329-948B-7431F2C3D612}.Debug|Any CPU.ActiveCfg = Debug|Any CPU
		{FEB3314E-1FF9-4329-948B-7431F2C3D612}.Debug|Any CPU.Build.0 = Debug|Any CPU
		{FEB3314E-1FF9-4329-948B-7431F2C3D612}.Debug|x64.ActiveCfg = Debug|x64
		{FEB3314E-1FF9-4329-948B-7431F2C3D612}.Debug|x64.Build.0 = Debug|x64
		{FEB3314E-1FF9-4329-948B-7431F2C3D612}.Debug|x86.ActiveCfg = Debug|Any CPU
		{FEB3314E-1FF9-4329-948B-7431F2C3D612}.Debug|x86.Build.0 = Debug|Any CPU
		{FEB3314E-1FF9-4329-948B-7431F2C3D612}.Release|Any CPU.ActiveCfg = Release|Any CPU
		{FEB3314E-1FF9-4329-948B-7431F2C3D612}.Release|Any CPU.Build.0 = Release|Any CPU
		{FEB3314E-1FF9-4329-948B-7431F2C3D612}.Release|x64.ActiveCfg = Release|x64
		{FEB3314E-1FF9-4329-948B-7431F2C3D612}.Release|x64.Build.0 = Release|x64
		{FEB3314E-1FF9-4329-948B-7431F2C3D612}.Release|x86.ActiveCfg = Release|Any CPU
		{FEB3314E-1FF9-4329-948B-7431F2C3D612}.Release|x86.Build.0 = Release|Any CPU
		{A35C8AB3-6841-430B-8265-4F5CB94B96C6}.Debug|Any CPU.ActiveCfg = Debug|x64
		{A35C8AB3-6841-430B-8265-4F5CB94B96C6}.Debug|Any CPU.Build.0 = Debug|x64
		{A35C8AB3-6841-430B-8265-4F5CB94B96C6}.Debug|x64.ActiveCfg = Debug|x64
		{A35C8AB3-6841-430B-8265-4F5CB94B96C6}.Debug|x64.Build.0 = Debug|x64
		{A35C8AB3-6841-430B-8265-4F5CB94B96C6}.Debug|x86.ActiveCfg = Debug|x64
		{A35C8AB3-6841-430B-8265-4F5CB94B96C6}.Release|Any CPU.ActiveCfg = Release|x64
		{A35C8AB3-6841-430B-8265-4F5CB94B96C6}.Release|Any CPU.Build.0 = Release|x64
		{A35C8AB3-6841-430B-8265-4F5CB94B96C6}.Release|x64.ActiveCfg = Release|x64
		{A35C8AB3-6841-430B-8265-4F5CB94B96C6}.Release|x64.Build.0 = Release|x64
		{A35C8AB3-6841-430B-8265-4F5CB94B96C6}.Release|x86.ActiveCfg = Release|x64
		{DB048E3E-7090-4023-A3C5-F8727C254C84}.Debug|Any CPU.ActiveCfg = Debug|x64
		{DB048E3E-7090-4023-A3C5-F8727C254C84}.Debug|Any CPU.Build.0 = Debug|x64
		{DB048E3E-7090-4023-A3C5-F8727C254C84}.Debug|x64.ActiveCfg = Debug|x64
		{DB048E3E-7090-4023-A3C5-F8727C254C84}.Debug|x64.Build.0 = Debug|x64
		{DB048E3E-7090-4023-A3C5-F8727C254C84}.Debug|x86.ActiveCfg = Debug|x64
		{DB048E3E-7090-4023-A3C5-F8727C254C84}.Release|Any CPU.ActiveCfg = Release|x64
		{DB048E3E-7090-4023-A3C5-F8727C254C84}.Release|Any CPU.Build.0 = Release|x64
		{DB048E3E-7090-4023-A3C5-F8727C254C84}.Release|x64.ActiveCfg = Release|x64
		{DB048E3E-7090-4023-A3C5-F8727C254C84}.Release|x64.Build.0 = Release|x64
		{DB048E3E-7090-4023-A3C5-F8727C254C84}.Release|x86.ActiveCfg = Release|x64
	EndGlobalSection
	GlobalSection(SolutionProperties) = preSolution
		HideSolutionNode = FALSE
	EndGlobalSection
EndGlobal
